
Microsoft Visual Studio Solution File, Format Version 12.00
# Visual Studio Version 17
VisualStudioVersion = 17.14.36401.2 d17.14
MinimumVisualStudioVersion = 10.0.40219.1
Project("{FAE04EC0-301F-11D3-BF4B-00C04F79EFBC}") = "dangkyhocphan", "dangkyhocphan\dangkyhocphan.csproj", "{81FC673E-55F2-4C08-8CBD-3553BDE69A33}"
EndProject
Global
	GlobalSection(SolutionConfigurationPlatforms) = preSolution
		Debug|Any CPU = Debug|Any CPU
		Release|Any CPU = Release|Any CPU
	EndGlobalSection
	GlobalSection(ProjectConfigurationPlatforms) = postSolution
		{81FC673E-55F2-4C08-8CBD-3553BDE69A33}.Debug|Any CPU.ActiveCfg = Debug|Any CPU
		{81FC673E-55F2-4C08-8CBD-3553BDE69A33}.Debug|Any CPU.Build.0 = Debug|Any CPU
		{81FC673E-55F2-4C08-8CBD-3553BDE69A33}.Release|Any CPU.ActiveCfg = Release|Any CPU
		{81FC673E-55F2-4C08-8CBD-3553BDE69A33}.Release|Any CPU.Build.0 = Release|Any CPU
	EndGlobalSection
	GlobalSection(SolutionProperties) = preSolution
		HideSolutionNode = FALSE
	EndGlobalSection
	GlobalSection(ExtensibilityGlobals) = postSolution
		SolutionGuid = {526C8F44-5F93-4A9F-8B48-DD97D628E5E1}
	EndGlobalSection
EndGlobal
